{
  "object": {
    "pins": [
      {
        "package": "AAInfographics",
        "repositoryURL": "https://github.com/AAChartModel/AAChartKit-Swift.git",
        "state": {
          "branch": null,
          "revision": "8d3f5fb30adfb9f6a55c61565215b296c09185e8",
          "version": "5.0.4"
        }
      },
      {
        "package": "Facebook",
        "repositoryURL": "https://github.com/facebook/facebook-ios-sdk",
        "state": {
          "branch": null,
          "revision": "fa5fab33bb440eed75122459965b82c7b944d9d8",
          "version": "8.2.0"
        }
      },
      {
        "package": "LocationPicker",
        "repositoryURL": "https://github.com/almassapargali/LocationPicker.git",
        "state": {
          "branch": null,
          "revision": "b9c4bbe995e52125ce723b823876ad87c76adc5d",
          "version": "1.4.3"
        }
      }
    ]
  },
  "version": 1
}
