{
  "object": {
    "pins": [
      {
        "package": "AAInfographics",
        "repositoryURL": "https://github.com/AAChartModel/AAChartKit-Swift.git",
        "state": {
          "branch": null,
          "revision": "8d3f5fb30adfb9f6a55c61565215b296c09185e8",
          "version": "5.0.4"
        }
      },
      {
        "package": "Alamofire",
        "repositoryURL": "https://github.com/Alamofire/Alamofire.git",
        "state": {
          "branch": null,
          "revision": "eaf6e622dd41b07b251d8f01752eab31bc811493",
          "version": "5.4.1"
        }
      }
    ]
  },
  "version": 1
}
